
Microsoft Visual Studio Solution File, Format Version 12.00
# Visual Studio Version 16
VisualStudioVersion = 16.0.30611.23
MinimumVisualStudioVersion = 10.0.40219.1
Project("{8BC9CEB8-8B4A-11D0-8D11-00A0C91BC942}") = "Secure Software - Assignment 1", "Secure Software - Assignment 1\Secure Software - Assignment 1.vcxproj", "{740D8D71-9EFE-4FB9-9526-2FF89AB30EC2}"
EndProject
Global
	GlobalSection(SolutionConfigurationPlatforms) = preSolution
		Debug|x86 = Debug|x86
	EndGlobalSection
	GlobalSection(ProjectConfigurationPlatforms) = postSolution
		{740D8D71-9EFE-4FB9-9526-2FF89AB30EC2}.Debug|x86.ActiveCfg = Debug|Win32
		{740D8D71-9EFE-4FB9-9526-2FF89AB30EC2}.Debug|x86.Build.0 = Debug|Win32
	EndGlobalSection
	GlobalSection(SolutionProperties) = preSolution
		HideSolutionNode = FALSE
	EndGlobalSection
	GlobalSection(ExtensibilityGlobals) = postSolution
		SolutionGuid = {160DB9F5-D3AA-4192-94A9-1681C604D398}
	EndGlobalSection
EndGlobal
